{
  "requires": true,
  "lockfileVersion": 1,
  "dependencies": {
    "jquery": {
      "version": "3.6.0",
      "resolved": "https://registry.npmjs.org/jquery/-/jquery-3.6.0.tgz",
      "integrity": "sha512-JVzAR/AjBvVt2BmYhxRCSYysDsPcssdmTFnzyLEts9qNwmjmu4JTAMYubEfwVOSwpQ1I1sKKFcxhZCI2buerfw=="
    },
    "xml-parse": {
      "version": "0.4.0",
      "resolved": "https://registry.npmjs.org/xml-parse/-/xml-parse-0.4.0.tgz",
      "integrity": "sha512-+wgw8F9dPiBEOD91RnzJ+s9HJcW5jNR8fgtmqqTpa2YEC22TnExMJPnE5tzEbfyPyjeVZqLdLPj6M0k6oqPM0g=="
    }
  }
}
